
Microsoft Visual Studio Solution File, Format Version 12.00
# Visual Studio Version 16
VisualStudioVersion = 16.0.30611.23
MinimumVisualStudioVersion = 10.0.40219.1
Project("{9A19103F-16F7-4668-BE54-9A1E7A4F7556}") = "ConsoleApp1", "ConsoleApp1.csproj", "{AAEA11DD-6B3F-409A-801F-82F20419A443}"
EndProject
Global
	GlobalSection(SolutionConfigurationPlatforms) = preSolution
		Debug|Any CPU = Debug|Any CPU
		Release|Any CPU = Release|Any CPU
	EndGlobalSection
	GlobalSection(ProjectConfigurationPlatforms) = postSolution
		{AAEA11DD-6B3F-409A-801F-82F20419A443}.Debug|Any CPU.ActiveCfg = Debug|Any CPU
		{AAEA11DD-6B3F-409A-801F-82F20419A443}.Debug|Any CPU.Build.0 = Debug|Any CPU
		{AAEA11DD-6B3F-409A-801F-82F20419A443}.Release|Any CPU.ActiveCfg = Release|Any CPU
		{AAEA11DD-6B3F-409A-801F-82F20419A443}.Release|Any CPU.Build.0 = Release|Any CPU
	EndGlobalSection
	GlobalSection(SolutionProperties) = preSolution
		HideSolutionNode = FALSE
	EndGlobalSection
	GlobalSection(ExtensibilityGlobals) = postSolution
		SolutionGuid = {73DEBED8-1D56-441C-8C33-0BC2FD85747C}
	EndGlobalSection
EndGlobal
